// !$*UTF8*$!
{
	archiveVersion = 1;
	classes = {
	};
	objectVersion = 50;
	objects = {

/* Begin PBXBuildFile section */
		7D63589223DB6A5200E88D30 /* AppDelegate.swift in Sources */ = {isa = PBXBuildFile; fileRef = 7D63589123DB6A5200E88D30 /* AppDelegate.swift */; };
		7D63589423DB6A5200E88D30 /* SceneDelegate.swift in Sources */ = {isa = PBXBuildFile; fileRef = 7D63589323DB6A5200E88D30 /* SceneDelegate.swift */; };
		7D63589923DB6A5200E88D30 /* Main.storyboard in Resources */ = {isa = PBXBuildFile; fileRef = 7D63589723DB6A5200E88D30 /* Main.storyboard */; };
		7D63589B23DB6A5400E88D30 /* Assets.xcassets in Resources */ = {isa = PBXBuildFile; fileRef = 7D63589A23DB6A5400E88D30 /* Assets.xcassets */; };
		7D63589E23DB6A5400E88D30 /* LaunchScreen.storyboard in Resources */ = {isa = PBXBuildFile; fileRef = 7D63589C23DB6A5400E88D30 /* LaunchScreen.storyboard */; };
		7D6358A623DB6B6300E88D30 /* TableViewController.swift in Sources */ = {isa = PBXBuildFile; fileRef = 7D6358A523DB6B6300E88D30 /* TableViewController.swift */; };
		7D6358A823DB754100E88D30 /* RestaurantTableViewCell.swift in Sources */ = {isa = PBXBuildFile; fileRef = 7D6358A723DB754100E88D30 /* RestaurantTableViewCell.swift */; };
/* End PBXBuildFile section */

/* Begin PBXFileReference section */
		7D63588E23DB6A5200E88D30 /* RestaurantPin.app */ = {isa = PBXFileReference; explicitFileType = wrapper.application; includeInIndex = 0; path = RestaurantPin.app; sourceTree = BUILT_PRODUCTS_DIR; };
		7D63589123DB6A5200E88D30 /* AppDelegate.swift */ = {isa = PBXFileReference; lastKnownFileType = sourcecode.swift; path = AppDelegate.swift; sourceTree = "<group>"; };
		7D63589323DB6A5200E88D30 /* SceneDelegate.swift */ = {isa = PBXFileReference; lastKnownFileType = sourcecode.swift; path = SceneDelegate.swift; sourceTree = "<group>"; };
		7D63589823DB6A5200E88D30 /* Base */ = {isa = PBXFileReference; lastKnownFileType = file.storyboard; name = Base; path = Base.lproj/Main.storyboard; sourceTree = "<group>"; };
		7D63589A23DB6A5400E88D30 /* Assets.xcassets */ = {isa = PBXFileReference; lastKnownFileType = folder.assetcatalog; path = Assets.xcassets; sourceTree = "<group>"; };
		7D63589D23DB6A5400E88D30 /* Base */ = {isa = PBXFileReference; lastKnownFileType = file.storyboard; name = Base; path = Base.lproj/LaunchScreen.storyboard; sourceTree = "<group>"; };
		7D63589F23DB6A5400E88D30 /* Info.plist */ = {isa = PBXFileReference; lastKnownFileType = text.plist.xml; path = Info.plist; sourceTree = "<group>"; };
		7D6358A523DB6B6300E88D30 /* TableViewController.swift */ = {isa = PBXFileReference; lastKnownFileType = sourcecode.swift; path = TableViewController.swift; sourceTree = "<group>"; };
		7D6358A723DB754100E88D30 /* RestaurantTableViewCell.swift */ = {isa = PBXFileReference; lastKnownFileType = sourcecode.swift; path = RestaurantTableViewCell.swift; sourceTree = "<group>"; };
/* End PBXFileReference section */

/* Begin PBXFrameworksBuildPhase section */
		7D63588B23DB6A5200E88D30 /* Frameworks */ = {
			isa = PBXFrameworksBuildPhase;
			buildActionMask = 2147483647;
			files = (
			);
			runOnlyForDeploymentPostprocessing = 0;
		};
/* End PBXFrameworksBuildPhase section */

/* Begin PBXGroup section */
		7D63588523DB6A5200E88D30 = {
			isa = PBXGroup;
			children = (
				7D6358A523DB6B6300E88D30 /* TableViewController.swift */,
				7D63589023DB6A5200E88D30 /* RestaurantPin */,
				7D63588F23DB6A5200E88D30 /* Products */,
			);
			sourceTree = "<group>";
		};
		7D63588F23DB6A5200E88D30 /* Products */ = {
			isa = PBXGroup;
			children = (
				7D63588E23DB6A5200E88D30 /* RestaurantPin.app */,
			);
			name = Products;
			sourceTree = "<group>";
		};
		7D63589023DB6A5200E88D30 /* RestaurantPin */ = {
			isa = PBXGroup;
			children = (
				7D63589123DB6A5200E88D30 /* AppDelegate.swift */,
				7D63589323DB6A5200E88D30 /* SceneDelegate.swift */,
				7D63589723DB6A5200E88D30 /* Main.storyboard */,
				7D6358A723DB754100E88D30 /* RestaurantTableViewCell.swift */,
				7D63589A23DB6A5400E88D30 /* Assets.xcassets */,
				7D63589C23DB6A5400E88D30 /* LaunchScreen.storyboard */,
				7D63589F23DB6A5400E88D30 /* Info.plist */,
			);
			path = RestaurantPin;
			sourceTree = "<group>";
		};
/* End PBXGroup section */

/* Begin PBXNativeTarget section */
		7D63588D23DB6A5200E88D30 /* RestaurantPin */ = {
			isa = PBXNativeTarget;
			buildConfigurationList = 7D6358A223DB6A5400E88D30 /* Build configuration list for PBXNativeTarget "RestaurantPin" */;
			buildPhases = (
				7D63588A23DB6A5200E88D30 /* Sources */,
				7D63588B23DB6A5200E88D30 /* Frameworks */,
				7D63588C23DB6A5200E88D30 /* Resources */,
			);
			buildRules = (
			);
			dependencies = (
			);
			name = RestaurantPin;
			productName = RestaurantPin;
			productReference = 7D63588E23DB6A5200E88D30 /* RestaurantPin.app */;
			productType = "com.apple.product-type.application";
		};
/* End PBXNativeTarget section */

/* Begin PBXProject section */
		7D63588623DB6A5200E88D30 /* Project object */ = {
			isa = PBXProject;
			attributes = {
				LastSwiftUpdateCheck = 1130;
				LastUpgradeCheck = 1130;
				ORGANIZATIONNAME = "2020-2";
				TargetAttributes = {
					7D63588D23DB6A5200E88D30 = {
						CreatedOnToolsVersion = 11.3;
					};
				};
			};
			buildConfigurationList = 7D63588923DB6A5200E88D30 /* Build configuration list for PBXProject "RestaurantPin" */;
			compatibilityVersion = "Xcode 9.3";
			developmentRegion = en;
			hasScannedForEncodings = 0;
			knownRegions = (
				en,
				Base,
			);
			mainGroup = 7D63588523DB6A5200E88D30;
			productRefGroup = 7D63588F23DB6A5200E88D30 /* Products */;
			projectDirPath = "";
			projectRoot = "";
			targets = (
				7D63588D23DB6A5200E88D30 /* RestaurantPin */,
			);
		};
/* End PBXProject section */

/* Begin PBXResourcesBuildPhase section */
		7D63588C23DB6A5200E88D30 /* Resources */ = {
			isa = PBXResourcesBuildPhase;
			buildActionMask = 2147483647;
			files = (
				7D63589E23DB6A5400E88D30 /* LaunchScreen.storyboard in Resources */,
				7D63589B23DB6A5400E88D30 /* Assets.xcassets in Resources */,
				7D63589923DB6A5200E88D30 /* Main.storyboard in Resources */,
			);
			runOnlyForDeploymentPostprocessing = 0;
		};
/* End PBXResourcesBuildPhase section */

/* Begin PBXSourcesBuildPhase section */
		7D63588A23DB6A5200E88D30 /* Sources */ = {
			isa = PBXSourcesBuildPhase;
			buildActionMask = 2147483647;
			files = (
				7D6358A823DB754100E88D30 /* RestaurantTableViewCell.swift in Sources */,
				7D6358A623DB6B6300E88D30 /* TableViewController.swift in Sources */,
				7D63589223DB6A5200E88D30 /* AppDelegate.swift in Sources */,
				7D63589423DB6A5200E88D30 /* SceneDelegate.swift in Sources */,
			);
			runOnlyForDeploymentPostprocessing = 0;
		};
/* End PBXSourcesBuildPhase section */

/* Begin PBXVariantGroup section */
		7D63589723DB6A5200E88D30 /* Main.storyboard */ = {
			isa = PBXVariantGroup;
			children = (
				7D63589823DB6A5200E88D30 /* Base */,
			);
			name = Main.storyboard;
			sourceTree = "<group>";
		};
		7D63589C23DB6A5400E88D30 /* LaunchScreen.storyboard */ = {
			isa = PBXVariantGroup;
			children = (
				7D63589D23DB6A5400E88D30 /* Base */,
			);
			name = LaunchScreen.storyboard;
			sourceTree = "<group>";
		};
/* End PBXVariantGroup section */

/* Begin XCBuildConfiguration section */
		7D6358A023DB6A5400E88D30 /* Debug */ = {
			isa = XCBuildConfiguration;
			buildSettings = {
				ALWAYS_SEARCH_USER_PATHS = NO;
				CLANG_ANALYZER_NONNULL = YES;
				CLANG_ANALYZER_NUMBER_OBJECT_CONVERSION = YES_AGGRESSIVE;
				CLANG_CXX_LANGUAGE_STANDARD = "gnu++14";
				CLANG_CXX_LIBRARY = "libc++";
				CLANG_ENABLE_MODULES = YES;
				CLANG_ENABLE_OBJC_ARC = YES;
				CLANG_ENABLE_OBJC_WEAK = YES;
				CLANG_WARN_BLOCK_CAPTURE_AUTORELEASING = YES;
				CLANG_WARN_BOOL_CONVERSION = YES;
				CLANG_WARN_COMMA = YES;
				CLANG_WARN_CONSTANT_CONVERSION = YES;
				CLANG_WARN_DEPRECATED_OBJC_IMPLEMENTATIONS = YES;
				CLANG_WARN_DIRECT_OBJC_ISA_USAGE = YES_ERROR;
				CLANG_WARN_DOCUMENTATION_COMMENTS = YES;
				CLANG_WARN_EMPTY_BODY = YES;
				CLANG_WARN_ENUM_CONVERSION = YES;
				CLANG_WARN_INFINITE_RECURSION = YES;
				CLANG_WARN_INT_CONVERSION = YES;
				CLANG_WARN_NON_LITERAL_NULL_CONVERSION = YES;
				CLANG_WARN_OBJC_IMPLICIT_RETAIN_SELF = YES;
				CLANG_WARN_OBJC_LITERAL_CONVERSION = YES;
				CLANG_WARN_OBJC_ROOT_CLASS = YES_ERROR;
				CLANG_WARN_RANGE_LOOP_ANALYSIS = YES;
				CLANG_WARN_STRICT_PROTOTYPES = YES;
				CLANG_WARN_SUSPICIOUS_MOVE = YES;
				CLANG_WARN_UNGUARDED_AVAILABILITY = YES_AGGRESSIVE;
				CLANG_WARN_UNREACHABLE_CODE = YES;
				CLANG_WARN__DUPLICATE_METHOD_MATCH = YES;
				COPY_PHASE_STRIP = NO;
				DEBUG_INFORMATION_FORMAT = dwarf;
				ENABLE_STRICT_OBJC_MSGSEND = YES;
				ENABLE_TESTABILITY = YES;
				GCC_C_LANGUAGE_STANDARD = gnu11;
				GCC_DYNAMIC_NO_PIC = NO;
				GCC_NO_COMMON_BLOCKS = YES;
				GCC_OPTIMIZATION_LEVEL = 0;
				GCC_PREPROCESSOR_DEFINITIONS = (
					"DEBUG=1",
					"$(inherited)",
				);
				GCC_WARN_64_TO_32_BIT_CONVERSION = YES;
				GCC_WARN_ABOUT_RETURN_TYPE = YES_ERROR;
				GCC_WARN_UNDECLARED_SELECTOR = YES;
				GCC_WARN_UNINITIALIZED_AUTOS = YES_AGGRESSIVE;
				GCC_WARN_UNUSED_FUNCTION = YES;
				GCC_WARN_UNUSED_VARIABLE = YES;
				IPHONEOS_DEPLOYMENT_TARGET = 13.2;
				MTL_ENABLE_DEBUG_INFO = INCLUDE_SOURCE;
				MTL_FAST_MATH = YES;
				ONLY_ACTIVE_ARCH = YES;
				SDKROOT = iphoneos;
				SWIFT_ACTIVE_COMPILATION_CONDITIONS = DEBUG;
				SWIFT_OPTIMIZATION_LEVEL = "-Onone";
			};
			name = Debug;
		};
		7D6358A123DB6A5400E88D30 /* Release */ = {
			isa = XCBuildConfiguration;
			buildSettings = {
				ALWAYS_SEARCH_USER_PATHS = NO;
				CLANG_ANALYZER_NONNULL = YES;
				CLANG_ANALYZER_NUMBER_OBJECT_CONVERSION = YES_AGGRESSIVE;
				CLANG_CXX_LANGUAGE_STANDARD = "gnu++14";
				CLANG_CXX_LIBRARY = "libc++";
				CLANG_ENABLE_MODULES = YES;
				CLANG_ENABLE_OBJC_ARC = YES;
				CLANG_ENABLE_OBJC_WEAK = YES;
				CLANG_WARN_BLOCK_CAPTURE_AUTORELEASING = YES;
				CLANG_WARN_BOOL_CONVERSION = YES;
				CLANG_WARN_COMMA = YES;
				CLANG_WARN_CONSTANT_CONVERSION = YES;
				CLANG_WARN_DEPRECATED_OBJC_IMPLEMENTATIONS = YES;
				CLANG_WARN_DIRECT_OBJC_ISA_USAGE = YES_ERROR;
				CLANG_WARN_DOCUMENTATION_COMMENTS = YES;
				CLANG_WARN_EMPTY_BODY = YES;
				CLANG_WARN_ENUM_CONVERSION = YES;
				CLANG_WARN_INFINITE_RECURSION = YES;
				CLANG_WARN_INT_CONVERSION = YES;
				CLANG_WARN_NON_LITERAL_NULL_CONVERSION = YES;
				CLANG_WARN_OBJC_IMPLICIT_RETAIN_SELF = YES;
				CLANG_WARN_OBJC_LITERAL_CONVERSION = YES;
				CLANG_WARN_OBJC_ROOT_CLASS = YES_ERROR;
				CLANG_WARN_RANGE_LOOP_ANALYSIS = YES;
				CLANG_WARN_STRICT_PROTOTYPES = YES;
				CLANG_WARN_SUSPICIOUS_MOVE = YES;
				CLANG_WARN_UNGUARDED_AVAILABILITY = YES_AGGRESSIVE;
				CLANG_WARN_UNREACHABLE_CODE = YES;
				CLANG_WARN__DUPLICATE_METHOD_MATCH = YES;
				COPY_PHASE_STRIP = NO;
				DEBUG_INFORMATION_FORMAT = "dwarf-with-dsym";
				ENABLE_NS_ASSERTIONS = NO;
				ENABLE_STRICT_OBJC_MSGSEND = YES;
				GCC_C_LANGUAGE_STANDARD = gnu11;
				GCC_NO_COMMON_BLOCKS = YES;
				GCC_WARN_64_TO_32_BIT_CONVERSION = YES;
				GCC_WARN_ABOUT_RETURN_TYPE = YES_ERROR;
				GCC_WARN_UNDECLARED_SELECTOR = YES;
				GCC_WARN_UNINITIALIZED_AUTOS = YES_AGGRESSIVE;
				GCC_WARN_UNUSED_FUNCTION = YES;
				GCC_WARN_UNUSED_VARIABLE = YES;
				IPHONEOS_DEPLOYMENT_TARGET = 13.2;
				MTL_ENABLE_DEBUG_INFO = NO;
				MTL_FAST_MATH = YES;
				SDKROOT = iphoneos;
				SWIFT_COMPILATION_MODE = wholemodule;
				SWIFT_OPTIMIZATION_LEVEL = "-O";
				VALIDATE_PRODUCT = YES;
			};
			name = Release;
		};
		7D6358A323DB6A5400E88D30 /* Debug */ = {
			isa = XCBuildConfiguration;
			buildSettings = {
				ASSETCATALOG_COMPILER_APPICON_NAME = AppIcon;
				CODE_SIGN_STYLE = Automatic;
				INFOPLIST_FILE = RestaurantPin/Info.plist;
				LD_RUNPATH_SEARCH_PATHS = (
					"$(inherited)",
					"@executable_path/Frameworks",
				);
				PRODUCT_BUNDLE_IDENTIFIER = UNAM.RestaurantPin;
				PRODUCT_NAME = "$(TARGET_NAME)";
				SWIFT_VERSION = 5.0;
				TARGETED_DEVICE_FAMILY = "1,2";
			};
			name = Debug;
		};
		7D6358A423DB6A5400E88D30 /* Release */ = {
			isa = XCBuildConfiguration;
			buildSettings = {
				ASSETCATALOG_COMPILER_APPICON_NAME = AppIcon;
				CODE_SIGN_STYLE = Automatic;
				INFOPLIST_FILE = RestaurantPin/Info.plist;
				LD_RUNPATH_SEARCH_PATHS = (
					"$(inherited)",
					"@executable_path/Frameworks",
				);
				PRODUCT_BUNDLE_IDENTIFIER = UNAM.RestaurantPin;
				PRODUCT_NAME = "$(TARGET_NAME)";
				SWIFT_VERSION = 5.0;
				TARGETED_DEVICE_FAMILY = "1,2";
			};
			name = Release;
		};
/* End XCBuildConfiguration section */

/* Begin XCConfigurationList section */
		7D63588923DB6A5200E88D30 /* Build configuration list for PBXProject "RestaurantPin" */ = {
			isa = XCConfigurationList;
			buildConfigurations = (
				7D6358A023DB6A5400E88D30 /* Debug */,
				7D6358A123DB6A5400E88D30 /* Release */,
			);
			defaultConfigurationIsVisible = 0;
			defaultConfigurationName = Release;
		};
		7D6358A223DB6A5400E88D30 /* Build configuration list for PBXNativeTarget "RestaurantPin" */ = {
			isa = XCConfigurationList;
			buildConfigurations = (
				7D6358A323DB6A5400E88D30 /* Debug */,
				7D6358A423DB6A5400E88D30 /* Release */,
			);
			defaultConfigurationIsVisible = 0;
			defaultConfigurationName = Release;
		};
/* End XCConfigurationList section */
	};
	rootObject = 7D63588623DB6A5200E88D30 /* Project object */;
}
